
Microsoft Visual Studio Solution File, Format Version 12.00
Project("{FAE04EC0-301F-11D3-BF4B-00C04F79EFBC}") = "BlazingTrails.Client", "BlazingTrails.Client\BlazingTrails.Client.csproj", "{04C39F15-82C5-4C8C-A77E-0FE544347CAD}"
EndProject
Global
	GlobalSection(SolutionConfigurationPlatforms) = preSolution
		Debug|Any CPU = Debug|Any CPU
		Release|Any CPU = Release|Any CPU
	EndGlobalSection
	GlobalSection(ProjectConfigurationPlatforms) = postSolution
		{04C39F15-82C5-4C8C-A77E-0FE544347CAD}.Debug|Any CPU.ActiveCfg = Debug|Any CPU
		{04C39F15-82C5-4C8C-A77E-0FE544347CAD}.Debug|Any CPU.Build.0 = Debug|Any CPU
		{04C39F15-82C5-4C8C-A77E-0FE544347CAD}.Release|Any CPU.ActiveCfg = Release|Any CPU
		{04C39F15-82C5-4C8C-A77E-0FE544347CAD}.Release|Any CPU.Build.0 = Release|Any CPU
	EndGlobalSection
EndGlobal
